
Microsoft Visual Studio Solution File, Format Version 12.00
# Visual Studio Version 17
VisualStudioVersion = 17.7.34031.279
MinimumVisualStudioVersion = 10.0.40219.1
Project("{FAE04EC0-301F-11D3-BF4B-00C04F79EFBC}") = "ShareBiteApp", "ShareBiteApp.csproj", "{4DA8266E-A2FC-489E-9D2E-3A4978419E89}"
EndProject
Global
	GlobalSection(SolutionConfigurationPlatforms) = preSolution
		Debug|Any CPU = Debug|Any CPU
		Release|Any CPU = Release|Any CPU
	EndGlobalSection
	GlobalSection(ProjectConfigurationPlatforms) = postSolution
		{4DA8266E-A2FC-489E-9D2E-3A4978419E89}.Debug|Any CPU.ActiveCfg = Debug|Any CPU
		{4DA8266E-A2FC-489E-9D2E-3A4978419E89}.Debug|Any CPU.Build.0 = Debug|Any CPU
		{4DA8266E-A2FC-489E-9D2E-3A4978419E89}.Release|Any CPU.ActiveCfg = Release|Any CPU
		{4DA8266E-A2FC-489E-9D2E-3A4978419E89}.Release|Any CPU.Build.0 = Release|Any CPU
	EndGlobalSection
	GlobalSection(SolutionProperties) = preSolution
		HideSolutionNode = FALSE
	EndGlobalSection
	GlobalSection(ExtensibilityGlobals) = postSolution
		SolutionGuid = {164DC87F-AC52-47A7-910A-FA7C1989FCC0}
	EndGlobalSection
EndGlobal
